{
  "originHash" : "c3d89634dea2e7a8af08ba58660448010a0c6a0ae5b17e56739d16c625b16289",
  "pins" : [
    {
      "identity" : "tocropviewcontroller",
      "kind" : "remoteSourceControl",
      "location" : "https://github.com/TimOliver/TOCropViewController",
      "state" : {
        "revision" : "eafee7c2aa3739a5f2f45f8bc1bd81e6c5d15976",
        "version" : "2.7.2"
      }
    }
  ],
  "version" : 3
}
